{
  "nodes": {
    "kolu": {
      "flake": false,
      "locked": {
        "lastModified": 1789671174,
        "narHash": "sha256-r1mjSGdbQPS5qmrasS5CNkiw81qoTQOp/Eg+tFXcmJg=",
        "owner": "juspay",
        "repo": "kolu",
        "rev": "c55e73851b7044ad928415b06c7b72767ce5cde7",
        "type": "github"
      },
      "original": {
        "owner": "juspay",
        "repo": "kolu",
        "type": "github"
      }
    },
    "nixpkgs": {
      "locked": {
        "lastModified": 1789724158,
        "narHash": "sha256-nlKgrm0dsVhOSopKheVBCcOpiIticufPPVLdVOI0euA=",
        "owner": "NixOS",
        "repo": "nixpkgs",
        "rev": "0a3468a402c449992505b6a9fc5b06580141b750",
        "type": "github"
      },
      "original": {
        "owner": "NixOS",
        "ref": "nixpkgs-unstable",
        "repo": "nixpkgs",
        "type": "github"
      }
    },
    "root": {
      "inputs": {
        "kolu": "kolu",
        "nixpkgs": "nixpkgs"
      }
    }
  },
  "root": "root",
  "version": 7
}
